// !$*UTF8*$!
{
	archiveVersion = 1;
	classes = {
	};
	objectVersion = 46;
	objects = {

/* Begin PBXBuildFile section */
		3B7D3D7F19F089C600342F63 /* main.m in Sources */ = {isa = PBXBuildFile; fileRef = 3B7D3D7E19F089C600342F63 /* main.m */; };
		3B7D3D8219F089C600342F63 /* AppDelegate.m in Sources */ = {isa = PBXBuildFile; fileRef = 3B7D3D8119F089C600342F63 /* AppDelegate.m */; };
		3B7D3D8819F089C600342F63 /* Main.storyboard in Resources */ = {isa = PBXBuildFile; fileRef = 3B7D3D8619F089C600342F63 /* Main.storyboard */; };
		3B7D3D8A19F089C600342F63 /* Images.xcassets in Resources */ = {isa = PBXBuildFile; fileRef = 3B7D3D8919F089C600342F63 /* Images.xcassets */; };
		3B7D3D8D19F089C600342F63 /* LaunchScreen.xib in Resources */ = {isa = PBXBuildFile; fileRef = 3B7D3D8B19F089C600342F63 /* LaunchScreen.xib */; };
		3B7D3D9919F089C600342F63 /* selfieTESTAPPTests.m in Sources */ = {isa = PBXBuildFile; fileRef = 3B7D3D9819F089C600342F63 /* selfieTESTAPPTests.m */; };
		3B7D3DA719F08B4400342F63 /* IGPost.m in Sources */ = {isa = PBXBuildFile; fileRef = 3B7D3DA619F08B4400342F63 /* IGPost.m */; };
		3B7D3DB419F095F700342F63 /* Reachability.m in Sources */ = {isa = PBXBuildFile; fileRef = 3B7D3DB019F095F700342F63 /* Reachability.m */; };
		3B7D3DB519F095F700342F63 /* DataGrabber.m in Sources */ = {isa = PBXBuildFile; fileRef = 3B7D3DB319F095F700342F63 /* DataGrabber.m */; };
		3B7D3DB919F0A50000342F63 /* IGPostTableViewController.m in Sources */ = {isa = PBXBuildFile; fileRef = 3B7D3DB819F0A50000342F63 /* IGPostTableViewController.m */; };
		3B7D3DBD19F0A5F700342F63 /* PostViewCell.m in Sources */ = {isa = PBXBuildFile; fileRef = 3B7D3DBC19F0A5F700342F63 /* PostViewCell.m */; };
/* End PBXBuildFile section */

/* Begin PBXContainerItemProxy section */
		3B7D3D9319F089C600342F63 /* PBXContainerItemProxy */ = {
			isa = PBXContainerItemProxy;
			containerPortal = 3B7D3D7119F089C600342F63 /* Project object */;
			proxyType = 1;
			remoteGlobalIDString = 3B7D3D7819F089C600342F63;
			remoteInfo = selfieTESTAPP;
		};
/* End PBXContainerItemProxy section */

/* Begin PBXFileReference section */
		3B7D3D7919F089C600342F63 /* selfieTESTAPP.app */ = {isa = PBXFileReference; explicitFileType = wrapper.application; includeInIndex = 0; path = selfieTESTAPP.app; sourceTree = BUILT_PRODUCTS_DIR; };
		3B7D3D7D19F089C600342F63 /* Info.plist */ = {isa = PBXFileReference; lastKnownFileType = text.plist.xml; path = Info.plist; sourceTree = "<group>"; };
		3B7D3D7E19F089C600342F63 /* main.m */ = {isa = PBXFileReference; lastKnownFileType = sourcecode.c.objc; path = main.m; sourceTree = "<group>"; };
		3B7D3D8019F089C600342F63 /* AppDelegate.h */ = {isa = PBXFileReference; lastKnownFileType = sourcecode.c.h; path = AppDelegate.h; sourceTree = "<group>"; };
		3B7D3D8119F089C600342F63 /* AppDelegate.m */ = {isa = PBXFileReference; lastKnownFileType = sourcecode.c.objc; path = AppDelegate.m; sourceTree = "<group>"; };
		3B7D3D8719F089C600342F63 /* Base */ = {isa = PBXFileReference; lastKnownFileType = file.storyboard; name = Base; path = Base.lproj/Main.storyboard; sourceTree = "<group>"; };
		3B7D3D8919F089C600342F63 /* Images.xcassets */ = {isa = PBXFileReference; lastKnownFileType = folder.assetcatalog; path = Images.xcassets; sourceTree = "<group>"; };
		3B7D3D8C19F089C600342F63 /* Base */ = {isa = PBXFileReference; lastKnownFileType = file.xib; name = Base; path = Base.lproj/LaunchScreen.xib; sourceTree = "<group>"; };
		3B7D3D9219F089C600342F63 /* selfieTESTAPPTests.xctest */ = {isa = PBXFileReference; explicitFileType = wrapper.cfbundle; includeInIndex = 0; path = selfieTESTAPPTests.xctest; sourceTree = BUILT_PRODUCTS_DIR; };
		3B7D3D9719F089C600342F63 /* Info.plist */ = {isa = PBXFileReference; lastKnownFileType = text.plist.xml; path = Info.plist; sourceTree = "<group>"; };
		3B7D3D9819F089C600342F63 /* selfieTESTAPPTests.m */ = {isa = PBXFileReference; lastKnownFileType = sourcecode.c.objc; path = selfieTESTAPPTests.m; sourceTree = "<group>"; };
		3B7D3DA519F08B4400342F63 /* IGPost.h */ = {isa = PBXFileReference; fileEncoding = 4; lastKnownFileType = sourcecode.c.h; path = IGPost.h; sourceTree = "<group>"; };
		3B7D3DA619F08B4400342F63 /* IGPost.m */ = {isa = PBXFileReference; fileEncoding = 4; lastKnownFileType = sourcecode.c.objc; path = IGPost.m; sourceTree = "<group>"; };
		3B7D3DB019F095F700342F63 /* Reachability.m */ = {isa = PBXFileReference; fileEncoding = 4; lastKnownFileType = sourcecode.c.objc; path = Reachability.m; sourceTree = "<group>"; };
		3B7D3DB119F095F700342F63 /* Reachability.h */ = {isa = PBXFileReference; fileEncoding = 4; lastKnownFileType = sourcecode.c.h; path = Reachability.h; sourceTree = "<group>"; };
		3B7D3DB219F095F700342F63 /* DataGrabber.h */ = {isa = PBXFileReference; fileEncoding = 4; lastKnownFileType = sourcecode.c.h; path = DataGrabber.h; sourceTree = "<group>"; };
		3B7D3DB319F095F700342F63 /* DataGrabber.m */ = {isa = PBXFileReference; fileEncoding = 4; lastKnownFileType = sourcecode.c.objc; path = DataGrabber.m; sourceTree = "<group>"; };
		3B7D3DB719F0A50000342F63 /* IGPostTableViewController.h */ = {isa = PBXFileReference; fileEncoding = 4; lastKnownFileType = sourcecode.c.h; path = IGPostTableViewController.h; sourceTree = "<group>"; };
		3B7D3DB819F0A50000342F63 /* IGPostTableViewController.m */ = {isa = PBXFileReference; fileEncoding = 4; lastKnownFileType = sourcecode.c.objc; path = IGPostTableViewController.m; sourceTree = "<group>"; };
		3B7D3DBB19F0A5F700342F63 /* PostViewCell.h */ = {isa = PBXFileReference; fileEncoding = 4; lastKnownFileType = sourcecode.c.h; path = PostViewCell.h; sourceTree = "<group>"; };
		3B7D3DBC19F0A5F700342F63 /* PostViewCell.m */ = {isa = PBXFileReference; fileEncoding = 4; lastKnownFileType = sourcecode.c.objc; path = PostViewCell.m; sourceTree = "<group>"; };
/* End PBXFileReference section */

/* Begin PBXFrameworksBuildPhase section */
		3B7D3D7619F089C600342F63 /* Frameworks */ = {
			isa = PBXFrameworksBuildPhase;
			buildActionMask = 2147483647;
			files = (
			);
			runOnlyForDeploymentPostprocessing = 0;
		};
		3B7D3D8F19F089C600342F63 /* Frameworks */ = {
			isa = PBXFrameworksBuildPhase;
			buildActionMask = 2147483647;
			files = (
			);
			runOnlyForDeploymentPostprocessing = 0;
		};
/* End PBXFrameworksBuildPhase section */

/* Begin PBXGroup section */
		3B7D3D7019F089C600342F63 = {
			isa = PBXGroup;
			children = (
				3B7D3D7B19F089C600342F63 /* selfieTESTAPP */,
				3B7D3D9519F089C600342F63 /* selfieTESTAPPTests */,
				3B7D3D7A19F089C600342F63 /* Products */,
			);
			sourceTree = "<group>";
		};
		3B7D3D7A19F089C600342F63 /* Products */ = {
			isa = PBXGroup;
			children = (
				3B7D3D7919F089C600342F63 /* selfieTESTAPP.app */,
				3B7D3D9219F089C600342F63 /* selfieTESTAPPTests.xctest */,
			);
			name = Products;
			sourceTree = "<group>";
		};
		3B7D3D7B19F089C600342F63 /* selfieTESTAPP */ = {
			isa = PBXGroup;
			children = (
				3B7D3DB619F095FC00342F63 /* DataGrabber */,
				3B7D3DA419F08ABC00342F63 /* ViewController */,
				3B7D3DA219F08AAE00342F63 /* Model */,
				3B7D3D8019F089C600342F63 /* AppDelegate.h */,
				3B7D3D8119F089C600342F63 /* AppDelegate.m */,
				3B7D3D8619F089C600342F63 /* Main.storyboard */,
				3B7D3D8919F089C600342F63 /* Images.xcassets */,
				3B7D3D8B19F089C600342F63 /* LaunchScreen.xib */,
				3B7D3D7C19F089C600342F63 /* Supporting Files */,
			);
			path = selfieTESTAPP;
			sourceTree = "<group>";
		};
		3B7D3D7C19F089C600342F63 /* Supporting Files */ = {
			isa = PBXGroup;
			children = (
				3B7D3D7D19F089C600342F63 /* Info.plist */,
				3B7D3D7E19F089C600342F63 /* main.m */,
			);
			name = "Supporting Files";
			sourceTree = "<group>";
		};
		3B7D3D9519F089C600342F63 /* selfieTESTAPPTests */ = {
			isa = PBXGroup;
			children = (
				3B7D3D9819F089C600342F63 /* selfieTESTAPPTests.m */,
				3B7D3D9619F089C600342F63 /* Supporting Files */,
			);
			path = selfieTESTAPPTests;
			sourceTree = "<group>";
		};
		3B7D3D9619F089C600342F63 /* Supporting Files */ = {
			isa = PBXGroup;
			children = (
				3B7D3D9719F089C600342F63 /* Info.plist */,
			);
			name = "Supporting Files";
			sourceTree = "<group>";
		};
		3B7D3DA219F08AAE00342F63 /* Model */ = {
			isa = PBXGroup;
			children = (
				3B7D3DA519F08B4400342F63 /* IGPost.h */,
				3B7D3DA619F08B4400342F63 /* IGPost.m */,
			);
			name = Model;
			sourceTree = "<group>";
		};
		3B7D3DA419F08ABC00342F63 /* ViewController */ = {
			isa = PBXGroup;
			children = (
				3B7D3DBA19F0A5E200342F63 /* Cells */,
				3B7D3DB719F0A50000342F63 /* IGPostTableViewController.h */,
				3B7D3DB819F0A50000342F63 /* IGPostTableViewController.m */,
			);
			name = ViewController;
			sourceTree = "<group>";
		};
		3B7D3DB619F095FC00342F63 /* DataGrabber */ = {
			isa = PBXGroup;
			children = (
				3B7D3DB019F095F700342F63 /* Reachability.m */,
				3B7D3DB119F095F700342F63 /* Reachability.h */,
				3B7D3DB219F095F700342F63 /* DataGrabber.h */,
				3B7D3DB319F095F700342F63 /* DataGrabber.m */,
			);
			name = DataGrabber;
			sourceTree = "<group>";
		};
		3B7D3DBA19F0A5E200342F63 /* Cells */ = {
			isa = PBXGroup;
			children = (
				3B7D3DBB19F0A5F700342F63 /* PostViewCell.h */,
				3B7D3DBC19F0A5F700342F63 /* PostViewCell.m */,
			);
			name = Cells;
			sourceTree = "<group>";
		};
/* End PBXGroup section */

/* Begin PBXNativeTarget section */
		3B7D3D7819F089C600342F63 /* selfieTESTAPP */ = {
			isa = PBXNativeTarget;
			buildConfigurationList = 3B7D3D9C19F089C600342F63 /* Build configuration list for PBXNativeTarget "selfieTESTAPP" */;
			buildPhases = (
				3B7D3D7519F089C600342F63 /* Sources */,
				3B7D3D7619F089C600342F63 /* Frameworks */,
				3B7D3D7719F089C600342F63 /* Resources */,
			);
			buildRules = (
			);
			dependencies = (
			);
			name = selfieTESTAPP;
			productName = selfieTESTAPP;
			productReference = 3B7D3D7919F089C600342F63 /* selfieTESTAPP.app */;
			productType = "com.apple.product-type.application";
		};
		3B7D3D9119F089C600342F63 /* selfieTESTAPPTests */ = {
			isa = PBXNativeTarget;
			buildConfigurationList = 3B7D3D9F19F089C600342F63 /* Build configuration list for PBXNativeTarget "selfieTESTAPPTests" */;
			buildPhases = (
				3B7D3D8E19F089C600342F63 /* Sources */,
				3B7D3D8F19F089C600342F63 /* Frameworks */,
				3B7D3D9019F089C600342F63 /* Resources */,
			);
			buildRules = (
			);
			dependencies = (
				3B7D3D9419F089C600342F63 /* PBXTargetDependency */,
			);
			name = selfieTESTAPPTests;
			productName = selfieTESTAPPTests;
			productReference = 3B7D3D9219F089C600342F63 /* selfieTESTAPPTests.xctest */;
			productType = "com.apple.product-type.bundle.unit-test";
		};
/* End PBXNativeTarget section */

/* Begin PBXProject section */
		3B7D3D7119F089C600342F63 /* Project object */ = {
			isa = PBXProject;
			attributes = {
				LastUpgradeCheck = 0600;
				ORGANIZATIONNAME = "Obi Omile";
				TargetAttributes = {
					3B7D3D7819F089C600342F63 = {
						CreatedOnToolsVersion = 6.0;
					};
					3B7D3D9119F089C600342F63 = {
						CreatedOnToolsVersion = 6.0;
						TestTargetID = 3B7D3D7819F089C600342F63;
					};
				};
			};
			buildConfigurationList = 3B7D3D7419F089C600342F63 /* Build configuration list for PBXProject "selfieTESTAPP" */;
			compatibilityVersion = "Xcode 3.2";
			developmentRegion = English;
			hasScannedForEncodings = 0;
			knownRegions = (
				en,
				Base,
			);
			mainGroup = 3B7D3D7019F089C600342F63;
			productRefGroup = 3B7D3D7A19F089C600342F63 /* Products */;
			projectDirPath = "";
			projectRoot = "";
			targets = (
				3B7D3D7819F089C600342F63 /* selfieTESTAPP */,
				3B7D3D9119F089C600342F63 /* selfieTESTAPPTests */,
			);
		};
/* End PBXProject section */

/* Begin PBXResourcesBuildPhase section */
		3B7D3D7719F089C600342F63 /* Resources */ = {
			isa = PBXResourcesBuildPhase;
			buildActionMask = 2147483647;
			files = (
				3B7D3D8819F089C600342F63 /* Main.storyboard in Resources */,
				3B7D3D8D19F089C600342F63 /* LaunchScreen.xib in Resources */,
				3B7D3D8A19F089C600342F63 /* Images.xcassets in Resources */,
			);
			runOnlyForDeploymentPostprocessing = 0;
		};
		3B7D3D9019F089C600342F63 /* Resources */ = {
			isa = PBXResourcesBuildPhase;
			buildActionMask = 2147483647;
			files = (
			);
			runOnlyForDeploymentPostprocessing = 0;
		};
/* End PBXResourcesBuildPhase section */

/* Begin PBXSourcesBuildPhase section */
		3B7D3D7519F089C600342F63 /* Sources */ = {
			isa = PBXSourcesBuildPhase;
			buildActionMask = 2147483647;
			files = (
				3B7D3D8219F089C600342F63 /* AppDelegate.m in Sources */,
				3B7D3DA719F08B4400342F63 /* IGPost.m in Sources */,
				3B7D3DB519F095F700342F63 /* DataGrabber.m in Sources */,
				3B7D3DBD19F0A5F700342F63 /* PostViewCell.m in Sources */,
				3B7D3DB419F095F700342F63 /* Reachability.m in Sources */,
				3B7D3D7F19F089C600342F63 /* main.m in Sources */,
				3B7D3DB919F0A50000342F63 /* IGPostTableViewController.m in Sources */,
			);
			runOnlyForDeploymentPostprocessing = 0;
		};
		3B7D3D8E19F089C600342F63 /* Sources */ = {
			isa = PBXSourcesBuildPhase;
			buildActionMask = 2147483647;
			files = (
				3B7D3D9919F089C600342F63 /* selfieTESTAPPTests.m in Sources */,
			);
			runOnlyForDeploymentPostprocessing = 0;
		};
/* End PBXSourcesBuildPhase section */

/* Begin PBXTargetDependency section */
		3B7D3D9419F089C600342F63 /* PBXTargetDependency */ = {
			isa = PBXTargetDependency;
			target = 3B7D3D7819F089C600342F63 /* selfieTESTAPP */;
			targetProxy = 3B7D3D9319F089C600342F63 /* PBXContainerItemProxy */;
		};
/* End PBXTargetDependency section */

/* Begin PBXVariantGroup section */
		3B7D3D8619F089C600342F63 /* Main.storyboard */ = {
			isa = PBXVariantGroup;
			children = (
				3B7D3D8719F089C600342F63 /* Base */,
			);
			name = Main.storyboard;
			sourceTree = "<group>";
		};
		3B7D3D8B19F089C600342F63 /* LaunchScreen.xib */ = {
			isa = PBXVariantGroup;
			children = (
				3B7D3D8C19F089C600342F63 /* Base */,
			);
			name = LaunchScreen.xib;
			sourceTree = "<group>";
		};
/* End PBXVariantGroup section */

/* Begin XCBuildConfiguration section */
		3B7D3D9A19F089C600342F63 /* Debug */ = {
			isa = XCBuildConfiguration;
			buildSettings = {
				ALWAYS_SEARCH_USER_PATHS = NO;
				CLANG_CXX_LANGUAGE_STANDARD = "gnu++0x";
				CLANG_CXX_LIBRARY = "libc++";
				CLANG_ENABLE_MODULES = YES;
				CLANG_ENABLE_OBJC_ARC = YES;
				CLANG_WARN_BOOL_CONVERSION = YES;
				CLANG_WARN_CONSTANT_CONVERSION = YES;
				CLANG_WARN_DIRECT_OBJC_ISA_USAGE = YES_ERROR;
				CLANG_WARN_EMPTY_BODY = YES;
				CLANG_WARN_ENUM_CONVERSION = YES;
				CLANG_WARN_INT_CONVERSION = YES;
				CLANG_WARN_OBJC_ROOT_CLASS = YES_ERROR;
				CLANG_WARN_UNREACHABLE_CODE = YES;
				CLANG_WARN__DUPLICATE_METHOD_MATCH = YES;
				"CODE_SIGN_IDENTITY[sdk=iphoneos*]" = "iPhone Developer";
				COPY_PHASE_STRIP = NO;
				ENABLE_STRICT_OBJC_MSGSEND = YES;
				GCC_C_LANGUAGE_STANDARD = gnu99;
				GCC_DYNAMIC_NO_PIC = NO;
				GCC_OPTIMIZATION_LEVEL = 0;
				GCC_PREPROCESSOR_DEFINITIONS = (
					"DEBUG=1",
					"$(inherited)",
				);
				GCC_SYMBOLS_PRIVATE_EXTERN = NO;
				GCC_WARN_64_TO_32_BIT_CONVERSION = YES;
				GCC_WARN_ABOUT_RETURN_TYPE = YES_ERROR;
				GCC_WARN_UNDECLARED_SELECTOR = YES;
				GCC_WARN_UNINITIALIZED_AUTOS = YES_AGGRESSIVE;
				GCC_WARN_UNUSED_FUNCTION = YES;
				GCC_WARN_UNUSED_VARIABLE = YES;
				IPHONEOS_DEPLOYMENT_TARGET = 8.0;
				MTL_ENABLE_DEBUG_INFO = YES;
				ONLY_ACTIVE_ARCH = YES;
				SDKROOT = iphoneos;
			};
			name = Debug;
		};
		3B7D3D9B19F089C600342F63 /* Release */ = {
			isa = XCBuildConfiguration;
			buildSettings = {
				ALWAYS_SEARCH_USER_PATHS = NO;
				CLANG_CXX_LANGUAGE_STANDARD = "gnu++0x";
				CLANG_CXX_LIBRARY = "libc++";
				CLANG_ENABLE_MODULES = YES;
				CLANG_ENABLE_OBJC_ARC = YES;
				CLANG_WARN_BOOL_CONVERSION = YES;
				CLANG_WARN_CONSTANT_CONVERSION = YES;
				CLANG_WARN_DIRECT_OBJC_ISA_USAGE = YES_ERROR;
				CLANG_WARN_EMPTY_BODY = YES;
				CLANG_WARN_ENUM_CONVERSION = YES;
				CLANG_WARN_INT_CONVERSION = YES;
				CLANG_WARN_OBJC_ROOT_CLASS = YES_ERROR;
				CLANG_WARN_UNREACHABLE_CODE = YES;
				CLANG_WARN__DUPLICATE_METHOD_MATCH = YES;
				"CODE_SIGN_IDENTITY[sdk=iphoneos*]" = "iPhone Developer";
				COPY_PHASE_STRIP = YES;
				ENABLE_NS_ASSERTIONS = NO;
				ENABLE_STRICT_OBJC_MSGSEND = YES;
				GCC_C_LANGUAGE_STANDARD = gnu99;
				GCC_WARN_64_TO_32_BIT_CONVERSION = YES;
				GCC_WARN_ABOUT_RETURN_TYPE = YES_ERROR;
				GCC_WARN_UNDECLARED_SELECTOR = YES;
				GCC_WARN_UNINITIALIZED_AUTOS = YES_AGGRESSIVE;
				GCC_WARN_UNUSED_FUNCTION = YES;
				GCC_WARN_UNUSED_VARIABLE = YES;
				IPHONEOS_DEPLOYMENT_TARGET = 8.0;
				MTL_ENABLE_DEBUG_INFO = NO;
				SDKROOT = iphoneos;
				VALIDATE_PRODUCT = YES;
			};
			name = Release;
		};
		3B7D3D9D19F089C600342F63 /* Debug */ = {
			isa = XCBuildConfiguration;
			buildSettings = {
				ASSETCATALOG_COMPILER_APPICON_NAME = AppIcon;
				INFOPLIST_FILE = selfieTESTAPP/Info.plist;
				LD_RUNPATH_SEARCH_PATHS = "$(inherited) @executable_path/Frameworks";
				PRODUCT_NAME = "$(TARGET_NAME)";
			};
			name = Debug;
		};
		3B7D3D9E19F089C600342F63 /* Release */ = {
			isa = XCBuildConfiguration;
			buildSettings = {
				ASSETCATALOG_COMPILER_APPICON_NAME = AppIcon;
				INFOPLIST_FILE = selfieTESTAPP/Info.plist;
				LD_RUNPATH_SEARCH_PATHS = "$(inherited) @executable_path/Frameworks";
				PRODUCT_NAME = "$(TARGET_NAME)";
			};
			name = Release;
		};
		3B7D3DA019F089C600342F63 /* Debug */ = {
			isa = XCBuildConfiguration;
			buildSettings = {
				BUNDLE_LOADER = "$(TEST_HOST)";
				FRAMEWORK_SEARCH_PATHS = (
					"$(SDKROOT)/Developer/Library/Frameworks",
					"$(inherited)",
				);
				GCC_PREPROCESSOR_DEFINITIONS = (
					"DEBUG=1",
					"$(inherited)",
				);
				INFOPLIST_FILE = selfieTESTAPPTests/Info.plist;
				LD_RUNPATH_SEARCH_PATHS = "$(inherited) @executable_path/Frameworks @loader_path/Frameworks";
				PRODUCT_NAME = "$(TARGET_NAME)";
				TEST_HOST = "$(BUILT_PRODUCTS_DIR)/selfieTESTAPP.app/selfieTESTAPP";
			};
			name = Debug;
		};
		3B7D3DA119F089C600342F63 /* Release */ = {
			isa = XCBuildConfiguration;
			buildSettings = {
				BUNDLE_LOADER = "$(TEST_HOST)";
				FRAMEWORK_SEARCH_PATHS = (
					"$(SDKROOT)/Developer/Library/Frameworks",
					"$(inherited)",
				);
				INFOPLIST_FILE = selfieTESTAPPTests/Info.plist;
				LD_RUNPATH_SEARCH_PATHS = "$(inherited) @executable_path/Frameworks @loader_path/Frameworks";
				PRODUCT_NAME = "$(TARGET_NAME)";
				TEST_HOST = "$(BUILT_PRODUCTS_DIR)/selfieTESTAPP.app/selfieTESTAPP";
			};
			name = Release;
		};
/* End XCBuildConfiguration section */

/* Begin XCConfigurationList section */
		3B7D3D7419F089C600342F63 /* Build configuration list for PBXProject "selfieTESTAPP" */ = {
			isa = XCConfigurationList;
			buildConfigurations = (
				3B7D3D9A19F089C600342F63 /* Debug */,
				3B7D3D9B19F089C600342F63 /* Release */,
			);
			defaultConfigurationIsVisible = 0;
			defaultConfigurationName = Release;
		};
		3B7D3D9C19F089C600342F63 /* Build configuration list for PBXNativeTarget "selfieTESTAPP" */ = {
			isa = XCConfigurationList;
			buildConfigurations = (
				3B7D3D9D19F089C600342F63 /* Debug */,
				3B7D3D9E19F089C600342F63 /* Release */,
			);
			defaultConfigurationIsVisible = 0;
			defaultConfigurationName = Release;
		};
		3B7D3D9F19F089C600342F63 /* Build configuration list for PBXNativeTarget "selfieTESTAPPTests" */ = {
			isa = XCConfigurationList;
			buildConfigurations = (
				3B7D3DA019F089C600342F63 /* Debug */,
				3B7D3DA119F089C600342F63 /* Release */,
			);
			defaultConfigurationIsVisible = 0;
			defaultConfigurationName = Release;
		};
/* End XCConfigurationList section */
	};
	rootObject = 3B7D3D7119F089C600342F63 /* Project object */;
}
